
Microsoft Visual Studio Solution File, Format Version 12.00
# Visual Studio Version 16
VisualStudioVersion = 16.0.29215.179
MinimumVisualStudioVersion = 10.0.40219.1
Project("{FAE04EC0-301F-11D3-BF4B-00C04F79EFBC}") = "dxSample.Core.Design", "dxSample.Design\dxSample.Core.Design.csproj", "{478C63E5-7ED5-420C-B24F-58E268D9D86B}"
EndProject
Project("{FAE04EC0-301F-11D3-BF4B-00C04F79EFBC}") = "dxSample", "dxSample.Sample\dxSample.csproj", "{5488D321-1F4C-4B48-9C12-7774A26A11E1}"
EndProject
Project("{FAE04EC0-301F-11D3-BF4B-00C04F79EFBC}") = "dxSample.Core", "dxSample.Core\dxSample.Core.csproj", "{3298100D-5762-462F-8D03-7409DD487689}"
EndProject
Global
	GlobalSection(SolutionConfigurationPlatforms) = preSolution
		Debug|Any CPU = Debug|Any CPU
		Release|Any CPU = Release|Any CPU
	EndGlobalSection
	GlobalSection(ProjectConfigurationPlatforms) = postSolution
		{478C63E5-7ED5-420C-B24F-58E268D9D86B}.Debug|Any CPU.ActiveCfg = Debug|Any CPU
		{478C63E5-7ED5-420C-B24F-58E268D9D86B}.Debug|Any CPU.Build.0 = Debug|Any CPU
		{478C63E5-7ED5-420C-B24F-58E268D9D86B}.Release|Any CPU.ActiveCfg = Release|Any CPU
		{478C63E5-7ED5-420C-B24F-58E268D9D86B}.Release|Any CPU.Build.0 = Release|Any CPU
		{5488D321-1F4C-4B48-9C12-7774A26A11E1}.Debug|Any CPU.ActiveCfg = Debug|Any CPU
		{5488D321-1F4C-4B48-9C12-7774A26A11E1}.Debug|Any CPU.Build.0 = Debug|Any CPU
		{5488D321-1F4C-4B48-9C12-7774A26A11E1}.Release|Any CPU.ActiveCfg = Release|Any CPU
		{5488D321-1F4C-4B48-9C12-7774A26A11E1}.Release|Any CPU.Build.0 = Release|Any CPU
		{3298100D-5762-462F-8D03-7409DD487689}.Debug|Any CPU.ActiveCfg = Debug|Any CPU
		{3298100D-5762-462F-8D03-7409DD487689}.Debug|Any CPU.Build.0 = Debug|Any CPU
		{3298100D-5762-462F-8D03-7409DD487689}.Release|Any CPU.ActiveCfg = Release|Any CPU
		{3298100D-5762-462F-8D03-7409DD487689}.Release|Any CPU.Build.0 = Release|Any CPU
	EndGlobalSection
	GlobalSection(SolutionProperties) = preSolution
		HideSolutionNode = FALSE
	EndGlobalSection
	GlobalSection(ExtensibilityGlobals) = postSolution
		SolutionGuid = {A7D952A1-9E2B-44D2-B282-7D251416C3C7}
	EndGlobalSection
EndGlobal
